
Microsoft Visual Studio Solution File, Format Version 12.00
# Visual Studio Version 17
VisualStudioVersion = 17.12.35707.178
MinimumVisualStudioVersion = 10.0.40219.1
Project("{FAE04EC0-301F-11D3-BF4B-00C04F79EFBC}") = "MyRazorWeb", "MyRazorWeb\MyRazorWeb.csproj", "{7D20327F-931C-4993-AF99-15CB9AF4D2A2}"
EndProject
Project("{FAE04EC0-301F-11D3-BF4B-00C04F79EFBC}") = "MyModels", "MyModels\MyModels.csproj", "{5FF743B0-B715-4584-B10C-D1041E1351F1}"
EndProject
Project("{FAE04EC0-301F-11D3-BF4B-00C04F79EFBC}") = "MyServices", "MyServices\MyServices.csproj", "{2D5C086B-FCBF-4381-920E-40375AF0DD11}"
EndProject
Global
	GlobalSection(SolutionConfigurationPlatforms) = preSolution
		Debug|Any CPU = Debug|Any CPU
		Release|Any CPU = Release|Any CPU
	EndGlobalSection
	GlobalSection(ProjectConfigurationPlatforms) = postSolution
		{7D20327F-931C-4993-AF99-15CB9AF4D2A2}.Debug|Any CPU.ActiveCfg = Debug|Any CPU
		{7D20327F-931C-4993-AF99-15CB9AF4D2A2}.Debug|Any CPU.Build.0 = Debug|Any CPU
		{7D20327F-931C-4993-AF99-15CB9AF4D2A2}.Release|Any CPU.ActiveCfg = Release|Any CPU
		{7D20327F-931C-4993-AF99-15CB9AF4D2A2}.Release|Any CPU.Build.0 = Release|Any CPU
		{5FF743B0-B715-4584-B10C-D1041E1351F1}.Debug|Any CPU.ActiveCfg = Debug|Any CPU
		{5FF743B0-B715-4584-B10C-D1041E1351F1}.Debug|Any CPU.Build.0 = Debug|Any CPU
		{5FF743B0-B715-4584-B10C-D1041E1351F1}.Release|Any CPU.ActiveCfg = Release|Any CPU
		{5FF743B0-B715-4584-B10C-D1041E1351F1}.Release|Any CPU.Build.0 = Release|Any CPU
		{2D5C086B-FCBF-4381-920E-40375AF0DD11}.Debug|Any CPU.ActiveCfg = Debug|Any CPU
		{2D5C086B-FCBF-4381-920E-40375AF0DD11}.Debug|Any CPU.Build.0 = Debug|Any CPU
		{2D5C086B-FCBF-4381-920E-40375AF0DD11}.Release|Any CPU.ActiveCfg = Release|Any CPU
		{2D5C086B-FCBF-4381-920E-40375AF0DD11}.Release|Any CPU.Build.0 = Release|Any CPU
	EndGlobalSection
	GlobalSection(SolutionProperties) = preSolution
		HideSolutionNode = FALSE
	EndGlobalSection
EndGlobal
